PODS:
  - AFNetworking (4.0.1):
    - AFNetworking/NSURLSession (= 4.0.1)
    - AFNetworking/Reachability (= 4.0.1)
    - AFNetworking/Security (= 4.0.1)
    - AFNetworking/Serialization (= 4.0.1)
    - AFNetworking/UIKit (= 4.0.1)
  - AFNetworking/NSURLSession (4.0.1):
    - AFNetworking/Reachability
    - AFNetworking/Security
    - AFNetworking/Serialization
  - AFNetworking/Reachability (4.0.1)
  - AFNetworking/Security (4.0.1)
  - AFNetworking/Serialization (4.0.1)
  - AFNetworking/UIKit (4.0.1):
    - AFNetworking/NSURLSession
  - Alamofire (5.2.2)
  - Codable-Kit (0.1.0)
  - Realm (5.3.2):
    - Realm/Headers (= 5.3.2)
  - Realm/Headers (5.3.2)
  - RealmSwift (5.3.2):
    - Realm (= 5.3.2)
  - SwiftyJSON (5.0.0)
  - TPKeyboardAvoidingSwift (3.2)

DEPENDENCIES:
  - AFNetworking
  - Alamofire
  - Codable-Kit
  - RealmSwift
  - SwiftyJSON
  - TPKeyboardAvoidingSwift

SPEC REPOS:
  trunk:
    - AFNetworking
    - Alamofire
    - Codable-Kit
    - Realm
    - RealmSwift
    - SwiftyJSON
    - TPKeyboardAvoidingSwift

SPEC CHECKSUMS:
  AFNetworking: 7864c38297c79aaca1500c33288e429c3451fdce
  Alamofire: 814429acc853c6c54ff123fc3d2ef66803823ce0
  Codable-Kit: 7b3af5cacc501b65d103a920393853ec12ce9836
  Realm: c6794276ca8884808ba168a22f9d71362b170b85
  RealmSwift: 42ec6cec3170aeeda407f797f07268a7d055ebc7
  SwiftyJSON: 36413e04c44ee145039d332b4f4e2d3e8d6c4db7
  TPKeyboardAvoidingSwift: ce1a75e0bc3af6b485f8bfa1d0a8320cfc565851

PODFILE CHECKSUM: 28e731b2e6ea1028561d04ea7c822299d7fad81e

COCOAPODS: 1.9.3
